{
  "name": "Titulacion",
  "lockfileVersion": 2,
  "requires": true,
  "packages": {
    "": {
      "dependencies": {
        "sweetalert2": "^11.4.10"
      }
    },
    "node_modules/sweetalert2": {
      "version": "11.4.10",
      "resolved": "https://registry.npmjs.org/sweetalert2/-/sweetalert2-11.4.10.tgz",
      "integrity": "sha512-Ms3mryLA/c5+llHNY0I9KXU8bv0N1a874gZr7xMPOiSnLD9veHZA92nZvJOkuN1hrdcR8kyj4IN8tBxlAIjVww==",
      "funding": {
        "type": "individual",
        "url": "https://sweetalert2.github.io/#donations"
      }
    }
  },
  "dependencies": {
    "sweetalert2": {
      "version": "11.4.10",
      "resolved": "https://registry.npmjs.org/sweetalert2/-/sweetalert2-11.4.10.tgz",
      "integrity": "sha512-Ms3mryLA/c5+llHNY0I9KXU8bv0N1a874gZr7xMPOiSnLD9veHZA92nZvJOkuN1hrdcR8kyj4IN8tBxlAIjVww=="
    }
  }
}
